// !$*UTF8*$!
{
	archiveVersion = 1;
	classes = {
	};
	objectVersion = 50;
	objects = {

/* Begin PBXBuildFile section */
		BF86EAE124DAC75D000B71C8 /* AppDelegate.swift in Sources */ = {isa = PBXBuildFile; fileRef = BF86EAE024DAC75D000B71C8 /* AppDelegate.swift */; };
		BF86EAE324DAC75D000B71C8 /* SceneDelegate.swift in Sources */ = {isa = PBXBuildFile; fileRef = BF86EAE224DAC75D000B71C8 /* SceneDelegate.swift */; };
		BF86EAE524DAC75D000B71C8 /* ContentView.swift in Sources */ = {isa = PBXBuildFile; fileRef = BF86EAE424DAC75D000B71C8 /* ContentView.swift */; };
		BF86EAE724DAC75F000B71C8 /* Assets.xcassets in Resources */ = {isa = PBXBuildFile; fileRef = BF86EAE624DAC75F000B71C8 /* Assets.xcassets */; };
		BF86EAEA24DAC75F000B71C8 /* Preview Assets.xcassets in Resources */ = {isa = PBXBuildFile; fileRef = BF86EAE924DAC75F000B71C8 /* Preview Assets.xcassets */; };
		BF86EAED24DAC75F000B71C8 /* LaunchScreen.storyboard in Resources */ = {isa = PBXBuildFile; fileRef = BF86EAEB24DAC75F000B71C8 /* LaunchScreen.storyboard */; };
		BF86EAF824DAC75F000B71C8 /* CavistaTests.swift in Sources */ = {isa = PBXBuildFile; fileRef = BF86EAF724DAC75F000B71C8 /* CavistaTests.swift */; };
		BF86EB0324DAC75F000B71C8 /* CavistaUITests.swift in Sources */ = {isa = PBXBuildFile; fileRef = BF86EB0224DAC75F000B71C8 /* CavistaUITests.swift */; };
/* End PBXBuildFile section */

/* Begin PBXContainerItemProxy section */
		BF86EAF424DAC75F000B71C8 /* PBXContainerItemProxy */ = {
			isa = PBXContainerItemProxy;
			containerPortal = BF86EAD524DAC75D000B71C8 /* Project object */;
			proxyType = 1;
			remoteGlobalIDString = BF86EADC24DAC75D000B71C8;
			remoteInfo = Cavista;
		};
		BF86EAFF24DAC75F000B71C8 /* PBXContainerItemProxy */ = {
			isa = PBXContainerItemProxy;
			containerPortal = BF86EAD524DAC75D000B71C8 /* Project object */;
			proxyType = 1;
			remoteGlobalIDString = BF86EADC24DAC75D000B71C8;
			remoteInfo = Cavista;
		};
/* End PBXContainerItemProxy section */

/* Begin PBXFileReference section */
		BF86EADD24DAC75D000B71C8 /* Cavista.app */ = {isa = PBXFileReference; explicitFileType = wrapper.application; includeInIndex = 0; path = Cavista.app; sourceTree = BUILT_PRODUCTS_DIR; };
		BF86EAE024DAC75D000B71C8 /* AppDelegate.swift */ = {isa = PBXFileReference; lastKnownFileType = sourcecode.swift; path = AppDelegate.swift; sourceTree = "<group>"; };
		BF86EAE224DAC75D000B71C8 /* SceneDelegate.swift */ = {isa = PBXFileReference; lastKnownFileType = sourcecode.swift; path = SceneDelegate.swift; sourceTree = "<group>"; };
		BF86EAE424DAC75D000B71C8 /* ContentView.swift */ = {isa = PBXFileReference; lastKnownFileType = sourcecode.swift; path = ContentView.swift; sourceTree = "<group>"; };
		BF86EAE624DAC75F000B71C8 /* Assets.xcassets */ = {isa = PBXFileReference; lastKnownFileType = folder.assetcatalog; path = Assets.xcassets; sourceTree = "<group>"; };
		BF86EAE924DAC75F000B71C8 /* Preview Assets.xcassets */ = {isa = PBXFileReference; lastKnownFileType = folder.assetcatalog; path = "Preview Assets.xcassets"; sourceTree = "<group>"; };
		BF86EAEC24DAC75F000B71C8 /* Base */ = {isa = PBXFileReference; lastKnownFileType = file.storyboard; name = Base; path = Base.lproj/LaunchScreen.storyboard; sourceTree = "<group>"; };
		BF86EAEE24DAC75F000B71C8 /* Info.plist */ = {isa = PBXFileReference; lastKnownFileType = text.plist.xml; path = Info.plist; sourceTree = "<group>"; };
		BF86EAF324DAC75F000B71C8 /* CavistaTests.xctest */ = {isa = PBXFileReference; explicitFileType = wrapper.cfbundle; includeInIndex = 0; path = CavistaTests.xctest; sourceTree = BUILT_PRODUCTS_DIR; };
		BF86EAF724DAC75F000B71C8 /* CavistaTests.swift */ = {isa = PBXFileReference; lastKnownFileType = sourcecode.swift; path = CavistaTests.swift; sourceTree = "<group>"; };
		BF86EAF924DAC75F000B71C8 /* Info.plist */ = {isa = PBXFileReference; lastKnownFileType = text.plist.xml; path = Info.plist; sourceTree = "<group>"; };
		BF86EAFE24DAC75F000B71C8 /* CavistaUITests.xctest */ = {isa = PBXFileReference; explicitFileType = wrapper.cfbundle; includeInIndex = 0; path = CavistaUITests.xctest; sourceTree = BUILT_PRODUCTS_DIR; };
		BF86EB0224DAC75F000B71C8 /* CavistaUITests.swift */ = {isa = PBXFileReference; lastKnownFileType = sourcecode.swift; path = CavistaUITests.swift; sourceTree = "<group>"; };
		BF86EB0424DAC75F000B71C8 /* Info.plist */ = {isa = PBXFileReference; lastKnownFileType = text.plist.xml; path = Info.plist; sourceTree = "<group>"; };
/* End PBXFileReference section */

/* Begin PBXFrameworksBuildPhase section */
		BF86EADA24DAC75D000B71C8 /* Frameworks */ = {
			isa = PBXFrameworksBuildPhase;
			buildActionMask = 2147483647;
			files = (
			);
			runOnlyForDeploymentPostprocessing = 0;
		};
		BF86EAF024DAC75F000B71C8 /* Frameworks */ = {
			isa = PBXFrameworksBuildPhase;
			buildActionMask = 2147483647;
			files = (
			);
			runOnlyForDeploymentPostprocessing = 0;
		};
		BF86EAFB24DAC75F000B71C8 /* Frameworks */ = {
			isa = PBXFrameworksBuildPhase;
			buildActionMask = 2147483647;
			files = (
			);
			runOnlyForDeploymentPostprocessing = 0;
		};
/* End PBXFrameworksBuildPhase section */

/* Begin PBXGroup section */
		BF86EAD424DAC75D000B71C8 = {
			isa = PBXGroup;
			children = (
				BF86EADF24DAC75D000B71C8 /* Cavista */,
				BF86EAF624DAC75F000B71C8 /* CavistaTests */,
				BF86EB0124DAC75F000B71C8 /* CavistaUITests */,
				BF86EADE24DAC75D000B71C8 /* Products */,
			);
			sourceTree = "<group>";
		};
		BF86EADE24DAC75D000B71C8 /* Products */ = {
			isa = PBXGroup;
			children = (
				BF86EADD24DAC75D000B71C8 /* Cavista.app */,
				BF86EAF324DAC75F000B71C8 /* CavistaTests.xctest */,
				BF86EAFE24DAC75F000B71C8 /* CavistaUITests.xctest */,
			);
			name = Products;
			sourceTree = "<group>";
		};
		BF86EADF24DAC75D000B71C8 /* Cavista */ = {
			isa = PBXGroup;
			children = (
				BF86EAE024DAC75D000B71C8 /* AppDelegate.swift */,
				BF86EAE224DAC75D000B71C8 /* SceneDelegate.swift */,
				BF86EAE424DAC75D000B71C8 /* ContentView.swift */,
				BF86EAE624DAC75F000B71C8 /* Assets.xcassets */,
				BF86EAEB24DAC75F000B71C8 /* LaunchScreen.storyboard */,
				BF86EAEE24DAC75F000B71C8 /* Info.plist */,
				BF86EAE824DAC75F000B71C8 /* Preview Content */,
			);
			path = Cavista;
			sourceTree = "<group>";
		};
		BF86EAE824DAC75F000B71C8 /* Preview Content */ = {
			isa = PBXGroup;
			children = (
				BF86EAE924DAC75F000B71C8 /* Preview Assets.xcassets */,
			);
			path = "Preview Content";
			sourceTree = "<group>";
		};
		BF86EAF624DAC75F000B71C8 /* CavistaTests */ = {
			isa = PBXGroup;
			children = (
				BF86EAF724DAC75F000B71C8 /* CavistaTests.swift */,
				BF86EAF924DAC75F000B71C8 /* Info.plist */,
			);
			path = CavistaTests;
			sourceTree = "<group>";
		};
		BF86EB0124DAC75F000B71C8 /* CavistaUITests */ = {
			isa = PBXGroup;
			children = (
				BF86EB0224DAC75F000B71C8 /* CavistaUITests.swift */,
				BF86EB0424DAC75F000B71C8 /* Info.plist */,
			);
			path = CavistaUITests;
			sourceTree = "<group>";
		};
/* End PBXGroup section */

/* Begin PBXNativeTarget section */
		BF86EADC24DAC75D000B71C8 /* Cavista */ = {
			isa = PBXNativeTarget;
			buildConfigurationList = BF86EB0724DAC75F000B71C8 /* Build configuration list for PBXNativeTarget "Cavista" */;
			buildPhases = (
				BF86EAD924DAC75D000B71C8 /* Sources */,
				BF86EADA24DAC75D000B71C8 /* Frameworks */,
				BF86EADB24DAC75D000B71C8 /* Resources */,
			);
			buildRules = (
			);
			dependencies = (
			);
			name = Cavista;
			productName = Cavista;
			productReference = BF86EADD24DAC75D000B71C8 /* Cavista.app */;
			productType = "com.apple.product-type.application";
		};
		BF86EAF224DAC75F000B71C8 /* CavistaTests */ = {
			isa = PBXNativeTarget;
			buildConfigurationList = BF86EB0A24DAC75F000B71C8 /* Build configuration list for PBXNativeTarget "CavistaTests" */;
			buildPhases = (
				BF86EAEF24DAC75F000B71C8 /* Sources */,
				BF86EAF024DAC75F000B71C8 /* Frameworks */,
				BF86EAF124DAC75F000B71C8 /* Resources */,
			);
			buildRules = (
			);
			dependencies = (
				BF86EAF524DAC75F000B71C8 /* PBXTargetDependency */,
			);
			name = CavistaTests;
			productName = CavistaTests;
			productReference = BF86EAF324DAC75F000B71C8 /* CavistaTests.xctest */;
			productType = "com.apple.product-type.bundle.unit-test";
		};
		BF86EAFD24DAC75F000B71C8 /* CavistaUITests */ = {
			isa = PBXNativeTarget;
			buildConfigurationList = BF86EB0D24DAC75F000B71C8 /* Build configuration list for PBXNativeTarget "CavistaUITests" */;
			buildPhases = (
				BF86EAFA24DAC75F000B71C8 /* Sources */,
				BF86EAFB24DAC75F000B71C8 /* Frameworks */,
				BF86EAFC24DAC75F000B71C8 /* Resources */,
			);
			buildRules = (
			);
			dependencies = (
				BF86EB0024DAC75F000B71C8 /* PBXTargetDependency */,
			);
			name = CavistaUITests;
			productName = CavistaUITests;
			productReference = BF86EAFE24DAC75F000B71C8 /* CavistaUITests.xctest */;
			productType = "com.apple.product-type.bundle.ui-testing";
		};
/* End PBXNativeTarget section */

/* Begin PBXProject section */
		BF86EAD524DAC75D000B71C8 /* Project object */ = {
			isa = PBXProject;
			attributes = {
				LastSwiftUpdateCheck = 1100;
				LastUpgradeCheck = 1100;
				ORGANIZATIONNAME = "Lawand, Poonam";
				TargetAttributes = {
					BF86EADC24DAC75D000B71C8 = {
						CreatedOnToolsVersion = 11.0;
					};
					BF86EAF224DAC75F000B71C8 = {
						CreatedOnToolsVersion = 11.0;
						TestTargetID = BF86EADC24DAC75D000B71C8;
					};
					BF86EAFD24DAC75F000B71C8 = {
						CreatedOnToolsVersion = 11.0;
						TestTargetID = BF86EADC24DAC75D000B71C8;
					};
				};
			};
			buildConfigurationList = BF86EAD824DAC75D000B71C8 /* Build configuration list for PBXProject "Cavista" */;
			compatibilityVersion = "Xcode 9.3";
			developmentRegion = en;
			hasScannedForEncodings = 0;
			knownRegions = (
				en,
				Base,
			);
			mainGroup = BF86EAD424DAC75D000B71C8;
			productRefGroup = BF86EADE24DAC75D000B71C8 /* Products */;
			projectDirPath = "";
			projectRoot = "";
			targets = (
				BF86EADC24DAC75D000B71C8 /* Cavista */,
				BF86EAF224DAC75F000B71C8 /* CavistaTests */,
				BF86EAFD24DAC75F000B71C8 /* CavistaUITests */,
			);
		};
/* End PBXProject section */

/* Begin PBXResourcesBuildPhase section */
		BF86EADB24DAC75D000B71C8 /* Resources */ = {
			isa = PBXResourcesBuildPhase;
			buildActionMask = 2147483647;
			files = (
				BF86EAED24DAC75F000B71C8 /* LaunchScreen.storyboard in Resources */,
				BF86EAEA24DAC75F000B71C8 /* Preview Assets.xcassets in Resources */,
				BF86EAE724DAC75F000B71C8 /* Assets.xcassets in Resources */,
			);
			runOnlyForDeploymentPostprocessing = 0;
		};
		BF86EAF124DAC75F000B71C8 /* Resources */ = {
			isa = PBXResourcesBuildPhase;
			buildActionMask = 2147483647;
			files = (
			);
			runOnlyForDeploymentPostprocessing = 0;
		};
		BF86EAFC24DAC75F000B71C8 /* Resources */ = {
			isa = PBXResourcesBuildPhase;
			buildActionMask = 2147483647;
			files = (
			);
			runOnlyForDeploymentPostprocessing = 0;
		};
/* End PBXResourcesBuildPhase section */

/* Begin PBXSourcesBuildPhase section */
		BF86EAD924DAC75D000B71C8 /* Sources */ = {
			isa = PBXSourcesBuildPhase;
			buildActionMask = 2147483647;
			files = (
				BF86EAE124DAC75D000B71C8 /* AppDelegate.swift in Sources */,
				BF86EAE324DAC75D000B71C8 /* SceneDelegate.swift in Sources */,
				BF86EAE524DAC75D000B71C8 /* ContentView.swift in Sources */,
			);
			runOnlyForDeploymentPostprocessing = 0;
		};
		BF86EAEF24DAC75F000B71C8 /* Sources */ = {
			isa = PBXSourcesBuildPhase;
			buildActionMask = 2147483647;
			files = (
				BF86EAF824DAC75F000B71C8 /* CavistaTests.swift in Sources */,
			);
			runOnlyForDeploymentPostprocessing = 0;
		};
		BF86EAFA24DAC75F000B71C8 /* Sources */ = {
			isa = PBXSourcesBuildPhase;
			buildActionMask = 2147483647;
			files = (
				BF86EB0324DAC75F000B71C8 /* CavistaUITests.swift in Sources */,
			);
			runOnlyForDeploymentPostprocessing = 0;
		};
/* End PBXSourcesBuildPhase section */

/* Begin PBXTargetDependency section */
		BF86EAF524DAC75F000B71C8 /* PBXTargetDependency */ = {
			isa = PBXTargetDependency;
			target = BF86EADC24DAC75D000B71C8 /* Cavista */;
			targetProxy = BF86EAF424DAC75F000B71C8 /* PBXContainerItemProxy */;
		};
		BF86EB0024DAC75F000B71C8 /* PBXTargetDependency */ = {
			isa = PBXTargetDependency;
			target = BF86EADC24DAC75D000B71C8 /* Cavista */;
			targetProxy = BF86EAFF24DAC75F000B71C8 /* PBXContainerItemProxy */;
		};
/* End PBXTargetDependency section */

/* Begin PBXVariantGroup section */
		BF86EAEB24DAC75F000B71C8 /* LaunchScreen.storyboard */ = {
			isa = PBXVariantGroup;
			children = (
				BF86EAEC24DAC75F000B71C8 /* Base */,
			);
			name = LaunchScreen.storyboard;
			sourceTree = "<group>";
		};
/* End PBXVariantGroup section */

/* Begin XCBuildConfiguration section */
		BF86EB0524DAC75F000B71C8 /* Debug */ = {
			isa = XCBuildConfiguration;
			buildSettings = {
				ALWAYS_SEARCH_USER_PATHS = NO;
				CLANG_ANALYZER_NONNULL = YES;
				CLANG_ANALYZER_NUMBER_OBJECT_CONVERSION = YES_AGGRESSIVE;
				CLANG_CXX_LANGUAGE_STANDARD = "gnu++14";
				CLANG_CXX_LIBRARY = "libc++";
				CLANG_ENABLE_MODULES = YES;
				CLANG_ENABLE_OBJC_ARC = YES;
				CLANG_ENABLE_OBJC_WEAK = YES;
				CLANG_WARN_BLOCK_CAPTURE_AUTORELEASING = YES;
				CLANG_WARN_BOOL_CONVERSION = YES;
				CLANG_WARN_COMMA = YES;
				CLANG_WARN_CONSTANT_CONVERSION = YES;
				CLANG_WARN_DEPRECATED_OBJC_IMPLEMENTATIONS = YES;
				CLANG_WARN_DIRECT_OBJC_ISA_USAGE = YES_ERROR;
				CLANG_WARN_DOCUMENTATION_COMMENTS = YES;
				CLANG_WARN_EMPTY_BODY = YES;
				CLANG_WARN_ENUM_CONVERSION = YES;
				CLANG_WARN_INFINITE_RECURSION = YES;
				CLANG_WARN_INT_CONVERSION = YES;
				CLANG_WARN_NON_LITERAL_NULL_CONVERSION = YES;
				CLANG_WARN_OBJC_IMPLICIT_RETAIN_SELF = YES;
				CLANG_WARN_OBJC_LITERAL_CONVERSION = YES;
				CLANG_WARN_OBJC_ROOT_CLASS = YES_ERROR;
				CLANG_WARN_RANGE_LOOP_ANALYSIS = YES;
				CLANG_WARN_STRICT_PROTOTYPES = YES;
				CLANG_WARN_SUSPICIOUS_MOVE = YES;
				CLANG_WARN_UNGUARDED_AVAILABILITY = YES_AGGRESSIVE;
				CLANG_WARN_UNREACHABLE_CODE = YES;
				CLANG_WARN__DUPLICATE_METHOD_MATCH = YES;
				COPY_PHASE_STRIP = NO;
				DEBUG_INFORMATION_FORMAT = dwarf;
				ENABLE_STRICT_OBJC_MSGSEND = YES;
				ENABLE_TESTABILITY = YES;
				GCC_C_LANGUAGE_STANDARD = gnu11;
				GCC_DYNAMIC_NO_PIC = NO;
				GCC_NO_COMMON_BLOCKS = YES;
				GCC_OPTIMIZATION_LEVEL = 0;
				GCC_PREPROCESSOR_DEFINITIONS = (
					"DEBUG=1",
					"$(inherited)",
				);
				GCC_WARN_64_TO_32_BIT_CONVERSION = YES;
				GCC_WARN_ABOUT_RETURN_TYPE = YES_ERROR;
				GCC_WARN_UNDECLARED_SELECTOR = YES;
				GCC_WARN_UNINITIALIZED_AUTOS = YES_AGGRESSIVE;
				GCC_WARN_UNUSED_FUNCTION = YES;
				GCC_WARN_UNUSED_VARIABLE = YES;
				IPHONEOS_DEPLOYMENT_TARGET = 13.0;
				MTL_ENABLE_DEBUG_INFO = INCLUDE_SOURCE;
				MTL_FAST_MATH = YES;
				ONLY_ACTIVE_ARCH = YES;
				SDKROOT = iphoneos;
				SWIFT_ACTIVE_COMPILATION_CONDITIONS = DEBUG;
				SWIFT_OPTIMIZATION_LEVEL = "-Onone";
			};
			name = Debug;
		};
		BF86EB0624DAC75F000B71C8 /* Release */ = {
			isa = XCBuildConfiguration;
			buildSettings = {
				ALWAYS_SEARCH_USER_PATHS = NO;
				CLANG_ANALYZER_NONNULL = YES;
				CLANG_ANALYZER_NUMBER_OBJECT_CONVERSION = YES_AGGRESSIVE;
				CLANG_CXX_LANGUAGE_STANDARD = "gnu++14";
				CLANG_CXX_LIBRARY = "libc++";
				CLANG_ENABLE_MODULES = YES;
				CLANG_ENABLE_OBJC_ARC = YES;
				CLANG_ENABLE_OBJC_WEAK = YES;
				CLANG_WARN_BLOCK_CAPTURE_AUTORELEASING = YES;
				CLANG_WARN_BOOL_CONVERSION = YES;
				CLANG_WARN_COMMA = YES;
				CLANG_WARN_CONSTANT_CONVERSION = YES;
				CLANG_WARN_DEPRECATED_OBJC_IMPLEMENTATIONS = YES;
				CLANG_WARN_DIRECT_OBJC_ISA_USAGE = YES_ERROR;
				CLANG_WARN_DOCUMENTATION_COMMENTS = YES;
				CLANG_WARN_EMPTY_BODY = YES;
				CLANG_WARN_ENUM_CONVERSION = YES;
				CLANG_WARN_INFINITE_RECURSION = YES;
				CLANG_WARN_INT_CONVERSION = YES;
				CLANG_WARN_NON_LITERAL_NULL_CONVERSION = YES;
				CLANG_WARN_OBJC_IMPLICIT_RETAIN_SELF = YES;
				CLANG_WARN_OBJC_LITERAL_CONVERSION = YES;
				CLANG_WARN_OBJC_ROOT_CLASS = YES_ERROR;
				CLANG_WARN_RANGE_LOOP_ANALYSIS = YES;
				CLANG_WARN_STRICT_PROTOTYPES = YES;
				CLANG_WARN_SUSPICIOUS_MOVE = YES;
				CLANG_WARN_UNGUARDED_AVAILABILITY = YES_AGGRESSIVE;
				CLANG_WARN_UNREACHABLE_CODE = YES;
				CLANG_WARN__DUPLICATE_METHOD_MATCH = YES;
				COPY_PHASE_STRIP = NO;
				DEBUG_INFORMATION_FORMAT = "dwarf-with-dsym";
				ENABLE_NS_ASSERTIONS = NO;
				ENABLE_STRICT_OBJC_MSGSEND = YES;
				GCC_C_LANGUAGE_STANDARD = gnu11;
				GCC_NO_COMMON_BLOCKS = YES;
				GCC_WARN_64_TO_32_BIT_CONVERSION = YES;
				GCC_WARN_ABOUT_RETURN_TYPE = YES_ERROR;
				GCC_WARN_UNDECLARED_SELECTOR = YES;
				GCC_WARN_UNINITIALIZED_AUTOS = YES_AGGRESSIVE;
				GCC_WARN_UNUSED_FUNCTION = YES;
				GCC_WARN_UNUSED_VARIABLE = YES;
				IPHONEOS_DEPLOYMENT_TARGET = 13.0;
				MTL_ENABLE_DEBUG_INFO = NO;
				MTL_FAST_MATH = YES;
				SDKROOT = iphoneos;
				SWIFT_COMPILATION_MODE = wholemodule;
				SWIFT_OPTIMIZATION_LEVEL = "-O";
				VALIDATE_PRODUCT = YES;
			};
			name = Release;
		};
		BF86EB0824DAC75F000B71C8 /* Debug */ = {
			isa = XCBuildConfiguration;
			buildSettings = {
				ASSETCATALOG_COMPILER_APPICON_NAME = AppIcon;
				CODE_SIGN_STYLE = Automatic;
				DEVELOPMENT_ASSET_PATHS = "\"Cavista/Preview Content\"";
				DEVELOPMENT_TEAM = F4GNK7HBH3;
				ENABLE_PREVIEWS = YES;
				INFOPLIST_FILE = Cavista/Info.plist;
				LD_RUNPATH_SEARCH_PATHS = (
					"$(inherited)",
					"@executable_path/Frameworks",
				);
				PRODUCT_BUNDLE_IDENTIFIER = com.cavista.Cavista.Cavista;
				PRODUCT_NAME = "$(TARGET_NAME)";
				SWIFT_VERSION = 5.0;
				TARGETED_DEVICE_FAMILY = "1,2";
			};
			name = Debug;
		};
		BF86EB0924DAC75F000B71C8 /* Release */ = {
			isa = XCBuildConfiguration;
			buildSettings = {
				ASSETCATALOG_COMPILER_APPICON_NAME = AppIcon;
				CODE_SIGN_STYLE = Automatic;
				DEVELOPMENT_ASSET_PATHS = "\"Cavista/Preview Content\"";
				DEVELOPMENT_TEAM = F4GNK7HBH3;
				ENABLE_PREVIEWS = YES;
				INFOPLIST_FILE = Cavista/Info.plist;
				LD_RUNPATH_SEARCH_PATHS = (
					"$(inherited)",
					"@executable_path/Frameworks",
				);
				PRODUCT_BUNDLE_IDENTIFIER = com.cavista.Cavista.Cavista;
				PRODUCT_NAME = "$(TARGET_NAME)";
				SWIFT_VERSION = 5.0;
				TARGETED_DEVICE_FAMILY = "1,2";
			};
			name = Release;
		};
		BF86EB0B24DAC75F000B71C8 /* Debug */ = {
			isa = XCBuildConfiguration;
			buildSettings = {
				ALWAYS_EMBED_SWIFT_STANDARD_LIBRARIES = YES;
				BUNDLE_LOADER = "$(TEST_HOST)";
				CODE_SIGN_STYLE = Automatic;
				DEVELOPMENT_TEAM = F4GNK7HBH3;
				INFOPLIST_FILE = CavistaTests/Info.plist;
				IPHONEOS_DEPLOYMENT_TARGET = 13.0;
				LD_RUNPATH_SEARCH_PATHS = (
					"$(inherited)",
					"@executable_path/Frameworks",
					"@loader_path/Frameworks",
				);
				PRODUCT_BUNDLE_IDENTIFIER = com.cavista.Cavista.CavistaTests;
				PRODUCT_NAME = "$(TARGET_NAME)";
				SWIFT_VERSION = 5.0;
				TARGETED_DEVICE_FAMILY = "1,2";
				TEST_HOST = "$(BUILT_PRODUCTS_DIR)/Cavista.app/Cavista";
			};
			name = Debug;
		};
		BF86EB0C24DAC75F000B71C8 /* Release */ = {
			isa = XCBuildConfiguration;
			buildSettings = {
				ALWAYS_EMBED_SWIFT_STANDARD_LIBRARIES = YES;
				BUNDLE_LOADER = "$(TEST_HOST)";
				CODE_SIGN_STYLE = Automatic;
				DEVELOPMENT_TEAM = F4GNK7HBH3;
				INFOPLIST_FILE = CavistaTests/Info.plist;
				IPHONEOS_DEPLOYMENT_TARGET = 13.0;
				LD_RUNPATH_SEARCH_PATHS = (
					"$(inherited)",
					"@executable_path/Frameworks",
					"@loader_path/Frameworks",
				);
				PRODUCT_BUNDLE_IDENTIFIER = com.cavista.Cavista.CavistaTests;
				PRODUCT_NAME = "$(TARGET_NAME)";
				SWIFT_VERSION = 5.0;
				TARGETED_DEVICE_FAMILY = "1,2";
				TEST_HOST = "$(BUILT_PRODUCTS_DIR)/Cavista.app/Cavista";
			};
			name = Release;
		};
		BF86EB0E24DAC75F000B71C8 /* Debug */ = {
			isa = XCBuildConfiguration;
			buildSettings = {
				ALWAYS_EMBED_SWIFT_STANDARD_LIBRARIES = YES;
				CODE_SIGN_STYLE = Automatic;
				DEVELOPMENT_TEAM = F4GNK7HBH3;
				INFOPLIST_FILE = CavistaUITests/Info.plist;
				LD_RUNPATH_SEARCH_PATHS = (
					"$(inherited)",
					"@executable_path/Frameworks",
					"@loader_path/Frameworks",
				);
				PRODUCT_BUNDLE_IDENTIFIER = com.cavista.Cavista.CavistaUITests;
				PRODUCT_NAME = "$(TARGET_NAME)";
				SWIFT_VERSION = 5.0;
				TARGETED_DEVICE_FAMILY = "1,2";
				TEST_TARGET_NAME = Cavista;
			};
			name = Debug;
		};
		BF86EB0F24DAC75F000B71C8 /* Release */ = {
			isa = XCBuildConfiguration;
			buildSettings = {
				ALWAYS_EMBED_SWIFT_STANDARD_LIBRARIES = YES;
				CODE_SIGN_STYLE = Automatic;
				DEVELOPMENT_TEAM = F4GNK7HBH3;
				INFOPLIST_FILE = CavistaUITests/Info.plist;
				LD_RUNPATH_SEARCH_PATHS = (
					"$(inherited)",
					"@executable_path/Frameworks",
					"@loader_path/Frameworks",
				);
				PRODUCT_BUNDLE_IDENTIFIER = com.cavista.Cavista.CavistaUITests;
				PRODUCT_NAME = "$(TARGET_NAME)";
				SWIFT_VERSION = 5.0;
				TARGETED_DEVICE_FAMILY = "1,2";
				TEST_TARGET_NAME = Cavista;
			};
			name = Release;
		};
/* End XCBuildConfiguration section */

/* Begin XCConfigurationList section */
		BF86EAD824DAC75D000B71C8 /* Build configuration list for PBXProject "Cavista" */ = {
			isa = XCConfigurationList;
			buildConfigurations = (
				BF86EB0524DAC75F000B71C8 /* Debug */,
				BF86EB0624DAC75F000B71C8 /* Release */,
			);
			defaultConfigurationIsVisible = 0;
			defaultConfigurationName = Release;
		};
		BF86EB0724DAC75F000B71C8 /* Build configuration list for PBXNativeTarget "Cavista" */ = {
			isa = XCConfigurationList;
			buildConfigurations = (
				BF86EB0824DAC75F000B71C8 /* Debug */,
				BF86EB0924DAC75F000B71C8 /* Release */,
			);
			defaultConfigurationIsVisible = 0;
			defaultConfigurationName = Release;
		};
		BF86EB0A24DAC75F000B71C8 /* Build configuration list for PBXNativeTarget "CavistaTests" */ = {
			isa = XCConfigurationList;
			buildConfigurations = (
				BF86EB0B24DAC75F000B71C8 /* Debug */,
				BF86EB0C24DAC75F000B71C8 /* Release */,
			);
			defaultConfigurationIsVisible = 0;
			defaultConfigurationName = Release;
		};
		BF86EB0D24DAC75F000B71C8 /* Build configuration list for PBXNativeTarget "CavistaUITests" */ = {
			isa = XCConfigurationList;
			buildConfigurations = (
				BF86EB0E24DAC75F000B71C8 /* Debug */,
				BF86EB0F24DAC75F000B71C8 /* Release */,
			);
			defaultConfigurationIsVisible = 0;
			defaultConfigurationName = Release;
		};
/* End XCConfigurationList section */
	};
	rootObject = BF86EAD524DAC75D000B71C8 /* Project object */;
}
